
Microsoft Visual Studio Solution File, Format Version 10.00
# Visual Studio 2008
Project("{FAE04EC0-301F-11D3-BF4B-00C04F79EFBC}") = "DOSprint", "DOSprint.csproj", "{62C0A593-DD07-41CA-93C4-01FD5D92ADDF}"
EndProject
Global
	GlobalSection(SolutionConfigurationPlatforms) = preSolution
		Debug|x86 = Debug|x86
		Release|x86 = Release|x86
	EndGlobalSection
	GlobalSection(ProjectConfigurationPlatforms) = postSolution
		{62C0A593-DD07-41CA-93C4-01FD5D92ADDF}.Debug|x86.ActiveCfg = Debug|x86
		{62C0A593-DD07-41CA-93C4-01FD5D92ADDF}.Debug|x86.Build.0 = Debug|x86
		{62C0A593-DD07-41CA-93C4-01FD5D92ADDF}.Release|x86.ActiveCfg = Release|x86
		{62C0A593-DD07-41CA-93C4-01FD5D92ADDF}.Release|x86.Build.0 = Release|x86
	EndGlobalSection
	GlobalSection(SolutionProperties) = preSolution
		HideSolutionNode = FALSE
	EndGlobalSection
EndGlobal
